
Microsoft Visual Studio Solution File, Format Version 12.00
# Visual Studio Version 17
VisualStudioVersion = 17.12.35527.113 d17.12
MinimumVisualStudioVersion = 10.0.40219.1
Project("{FAE04EC0-301F-11D3-BF4B-00C04F79EFBC}") = "PasswordGenerator", "PasswordGenerator\PasswordGenerator.csproj", "{24CD9EBC-AE5B-4B9A-B94C-7EB053FFA45C}"
EndProject
Project("{FAE04EC0-301F-11D3-BF4B-00C04F79EFBC}") = "PasswordGenerator.Tests", "PasswordGenerator.Tests\PasswordGenerator.Tests.csproj", "{9740543F-C4A7-4889-8744-D11A5900C0F2}"
EndProject
Global
	GlobalSection(SolutionConfigurationPlatforms) = preSolution
		Debug|Any CPU = Debug|Any CPU
		Release|Any CPU = Release|Any CPU
	EndGlobalSection
	GlobalSection(ProjectConfigurationPlatforms) = postSolution
		{24CD9EBC-AE5B-4B9A-B94C-7EB053FFA45C}.Debug|Any CPU.ActiveCfg = Debug|Any CPU
		{24CD9EBC-AE5B-4B9A-B94C-7EB053FFA45C}.Debug|Any CPU.Build.0 = Debug|Any CPU
		{24CD9EBC-AE5B-4B9A-B94C-7EB053FFA45C}.Release|Any CPU.ActiveCfg = Release|Any CPU
		{24CD9EBC-AE5B-4B9A-B94C-7EB053FFA45C}.Release|Any CPU.Build.0 = Release|Any CPU
		{9740543F-C4A7-4889-8744-D11A5900C0F2}.Debug|Any CPU.ActiveCfg = Debug|Any CPU
		{9740543F-C4A7-4889-8744-D11A5900C0F2}.Debug|Any CPU.Build.0 = Debug|Any CPU
		{9740543F-C4A7-4889-8744-D11A5900C0F2}.Release|Any CPU.ActiveCfg = Release|Any CPU
		{9740543F-C4A7-4889-8744-D11A5900C0F2}.Release|Any CPU.Build.0 = Release|Any CPU
	EndGlobalSection
	GlobalSection(SolutionProperties) = preSolution
		HideSolutionNode = FALSE
	EndGlobalSection
EndGlobal
